
Microsoft Visual Studio Solution File, Format Version 12.00
# Visual Studio 15
VisualStudioVersion = 15.0.27703.2035
MinimumVisualStudioVersion = 10.0.40219.1
Project("{FAE04EC0-301F-11D3-BF4B-00C04F79EFBC}") = "TermProject", "TermProject\TermProject.csproj", "{A32B6B79-4D66-40BE-9705-25204A885266}"
EndProject
Project("{FAE04EC0-301F-11D3-BF4B-00C04F79EFBC}") = "Utilities", "Utilities\Utilities.csproj", "{7506F92B-C643-4789-90C5-F284513D5DDB}"
EndProject
Project("{FAE04EC0-301F-11D3-BF4B-00C04F79EFBC}") = "TermProjectLibrary", "TermProjectLibary\TermProjectLibrary.csproj", "{643AFD2C-E86A-49A3-919C-D39811C7C396}"
EndProject
Global
	GlobalSection(SolutionConfigurationPlatforms) = preSolution
		Debug|Any CPU = Debug|Any CPU
		Release|Any CPU = Release|Any CPU
	EndGlobalSection
	GlobalSection(ProjectConfigurationPlatforms) = postSolution
		{A32B6B79-4D66-40BE-9705-25204A885266}.Debug|Any CPU.ActiveCfg = Debug|Any CPU
		{A32B6B79-4D66-40BE-9705-25204A885266}.Debug|Any CPU.Build.0 = Debug|Any CPU
		{A32B6B79-4D66-40BE-9705-25204A885266}.Release|Any CPU.ActiveCfg = Release|Any CPU
		{A32B6B79-4D66-40BE-9705-25204A885266}.Release|Any CPU.Build.0 = Release|Any CPU
		{7506F92B-C643-4789-90C5-F284513D5DDB}.Debug|Any CPU.ActiveCfg = Debug|Any CPU
		{7506F92B-C643-4789-90C5-F284513D5DDB}.Debug|Any CPU.Build.0 = Debug|Any CPU
		{7506F92B-C643-4789-90C5-F284513D5DDB}.Release|Any CPU.ActiveCfg = Release|Any CPU
		{7506F92B-C643-4789-90C5-F284513D5DDB}.Release|Any CPU.Build.0 = Release|Any CPU
		{643AFD2C-E86A-49A3-919C-D39811C7C396}.Debug|Any CPU.ActiveCfg = Debug|Any CPU
		{643AFD2C-E86A-49A3-919C-D39811C7C396}.Debug|Any CPU.Build.0 = Debug|Any CPU
		{643AFD2C-E86A-49A3-919C-D39811C7C396}.Release|Any CPU.ActiveCfg = Release|Any CPU
		{643AFD2C-E86A-49A3-919C-D39811C7C396}.Release|Any CPU.Build.0 = Release|Any CPU
	EndGlobalSection
	GlobalSection(SolutionProperties) = preSolution
		HideSolutionNode = FALSE
	EndGlobalSection
	GlobalSection(ExtensibilityGlobals) = postSolution
		SolutionGuid = {E8FA9DC2-882B-4B8B-AD22-F64CFC3FC4EC}
	EndGlobalSection
EndGlobal
